// !$*UTF8*$!
{
	archiveVersion = 1;
	classes = {
	};
	objectVersion = 50;
	objects = {

/* Begin PBXBuildFile section */
		09D49C962839666900817A5E /* AppDelegate.swift in Sources */ = {isa = PBXBuildFile; fileRef = 09D49C952839666900817A5E /* AppDelegate.swift */; };
		09D49C9F2839666B00817A5E /* Assets.xcassets in Resources */ = {isa = PBXBuildFile; fileRef = 09D49C9E2839666B00817A5E /* Assets.xcassets */; };
		09D49CA22839666B00817A5E /* LaunchScreen.storyboard in Resources */ = {isa = PBXBuildFile; fileRef = 09D49CA02839666B00817A5E /* LaunchScreen.storyboard */; };
		09D49CAC283966B100817A5E /* AppFlowController.swift in Sources */ = {isa = PBXBuildFile; fileRef = 09D49CAB283966B100817A5E /* AppFlowController.swift */; };
		09D49CB62839689F00817A5E /* MainFlowController.swift in Sources */ = {isa = PBXBuildFile; fileRef = 09D49CB52839689F00817A5E /* MainFlowController.swift */; };
		09D49CB92839692100817A5E /* ProductsFlowController.swift in Sources */ = {isa = PBXBuildFile; fileRef = 09D49CB82839692100817A5E /* ProductsFlowController.swift */; };
		09D49CBC2839697700817A5E /* BasketFlowController.swift in Sources */ = {isa = PBXBuildFile; fileRef = 09D49CBB2839697700817A5E /* BasketFlowController.swift */; };
		09D49CBF283969B100817A5E /* CabinetFlowController.swift in Sources */ = {isa = PBXBuildFile; fileRef = 09D49CBE283969B100817A5E /* CabinetFlowController.swift */; };
		09D49CC528396A4B00817A5E /* CabinetController.swift in Sources */ = {isa = PBXBuildFile; fileRef = 09D49CC428396A4B00817A5E /* CabinetController.swift */; };
		09D49CC828396A7000817A5E /* BasketController.swift in Sources */ = {isa = PBXBuildFile; fileRef = 09D49CC728396A7000817A5E /* BasketController.swift */; };
		09D49CCB28396A9400817A5E /* ProductsController.swift in Sources */ = {isa = PBXBuildFile; fileRef = 09D49CCA28396A9400817A5E /* ProductsController.swift */; };
		09D49CD028396C6F00817A5E /* UIViewControllerExtensions.swift in Sources */ = {isa = PBXBuildFile; fileRef = 09D49CCF28396C6F00817A5E /* UIViewControllerExtensions.swift */; };
/* End PBXBuildFile section */

/* Begin PBXFileReference section */
		09D49C922839666900817A5E /* GuitarStore.app */ = {isa = PBXFileReference; explicitFileType = wrapper.application; includeInIndex = 0; path = GuitarStore.app; sourceTree = BUILT_PRODUCTS_DIR; };
		09D49C952839666900817A5E /* AppDelegate.swift */ = {isa = PBXFileReference; lastKnownFileType = sourcecode.swift; path = AppDelegate.swift; sourceTree = "<group>"; };
		09D49C9E2839666B00817A5E /* Assets.xcassets */ = {isa = PBXFileReference; lastKnownFileType = folder.assetcatalog; path = Assets.xcassets; sourceTree = "<group>"; };
		09D49CA12839666B00817A5E /* Base */ = {isa = PBXFileReference; lastKnownFileType = file.storyboard; name = Base; path = Base.lproj/LaunchScreen.storyboard; sourceTree = "<group>"; };
		09D49CA32839666B00817A5E /* Info.plist */ = {isa = PBXFileReference; lastKnownFileType = text.plist.xml; path = Info.plist; sourceTree = "<group>"; };
		09D49CAB283966B100817A5E /* AppFlowController.swift */ = {isa = PBXFileReference; lastKnownFileType = sourcecode.swift; path = AppFlowController.swift; sourceTree = "<group>"; };
		09D49CB52839689F00817A5E /* MainFlowController.swift */ = {isa = PBXFileReference; lastKnownFileType = sourcecode.swift; path = MainFlowController.swift; sourceTree = "<group>"; };
		09D49CB82839692100817A5E /* ProductsFlowController.swift */ = {isa = PBXFileReference; lastKnownFileType = sourcecode.swift; path = ProductsFlowController.swift; sourceTree = "<group>"; };
		09D49CBB2839697700817A5E /* BasketFlowController.swift */ = {isa = PBXFileReference; lastKnownFileType = sourcecode.swift; path = BasketFlowController.swift; sourceTree = "<group>"; };
		09D49CBE283969B100817A5E /* CabinetFlowController.swift */ = {isa = PBXFileReference; lastKnownFileType = sourcecode.swift; path = CabinetFlowController.swift; sourceTree = "<group>"; };
		09D49CC428396A4B00817A5E /* CabinetController.swift */ = {isa = PBXFileReference; lastKnownFileType = sourcecode.swift; path = CabinetController.swift; sourceTree = "<group>"; };
		09D49CC728396A7000817A5E /* BasketController.swift */ = {isa = PBXFileReference; lastKnownFileType = sourcecode.swift; path = BasketController.swift; sourceTree = "<group>"; };
		09D49CCA28396A9400817A5E /* ProductsController.swift */ = {isa = PBXFileReference; lastKnownFileType = sourcecode.swift; path = ProductsController.swift; sourceTree = "<group>"; };
		09D49CCF28396C6F00817A5E /* UIViewControllerExtensions.swift */ = {isa = PBXFileReference; lastKnownFileType = sourcecode.swift; path = UIViewControllerExtensions.swift; sourceTree = "<group>"; };
/* End PBXFileReference section */

/* Begin PBXFrameworksBuildPhase section */
		09D49C8F2839666900817A5E /* Frameworks */ = {
			isa = PBXFrameworksBuildPhase;
			buildActionMask = 2147483647;
			files = (
			);
			runOnlyForDeploymentPostprocessing = 0;
		};
/* End PBXFrameworksBuildPhase section */

/* Begin PBXGroup section */
		09D49C892839666900817A5E = {
			isa = PBXGroup;
			children = (
				09D49C942839666900817A5E /* GuitarStore */,
				09D49C932839666900817A5E /* Products */,
			);
			sourceTree = "<group>";
		};
		09D49C932839666900817A5E /* Products */ = {
			isa = PBXGroup;
			children = (
				09D49C922839666900817A5E /* GuitarStore.app */,
			);
			name = Products;
			sourceTree = "<group>";
		};
		09D49C942839666900817A5E /* GuitarStore */ = {
			isa = PBXGroup;
			children = (
				09D49CB2283967EB00817A5E /* Flows */,
				09D49CB1283967E200817A5E /* Application */,
				09D49CCE28396C3300817A5E /* Extensions */,
				09D49CB0283967C600817A5E /* Resources */,
			);
			path = GuitarStore;
			sourceTree = "<group>";
		};
		09D49CB0283967C600817A5E /* Resources */ = {
			isa = PBXGroup;
			children = (
				09D49C9E2839666B00817A5E /* Assets.xcassets */,
				09D49CA02839666B00817A5E /* LaunchScreen.storyboard */,
				09D49CA32839666B00817A5E /* Info.plist */,
			);
			path = Resources;
			sourceTree = "<group>";
		};
		09D49CB1283967E200817A5E /* Application */ = {
			isa = PBXGroup;
			children = (
				09D49C952839666900817A5E /* AppDelegate.swift */,
				09D49CAB283966B100817A5E /* AppFlowController.swift */,
			);
			path = Application;
			sourceTree = "<group>";
		};
		09D49CB2283967EB00817A5E /* Flows */ = {
			isa = PBXGroup;
			children = (
				09D49CB52839689F00817A5E /* MainFlowController.swift */,
				09D49CC1283969FF00817A5E /* ProductsFlow */,
				09D49CC228396A0C00817A5E /* BasketFlow */,
				09D49CC328396A1800817A5E /* CabinetFlow */,
			);
			path = Flows;
			sourceTree = "<group>";
		};
		09D49CC1283969FF00817A5E /* ProductsFlow */ = {
			isa = PBXGroup;
			children = (
				09D49CB82839692100817A5E /* ProductsFlowController.swift */,
				09D49CCA28396A9400817A5E /* ProductsController.swift */,
			);
			path = ProductsFlow;
			sourceTree = "<group>";
		};
		09D49CC228396A0C00817A5E /* BasketFlow */ = {
			isa = PBXGroup;
			children = (
				09D49CBB2839697700817A5E /* BasketFlowController.swift */,
				09D49CC728396A7000817A5E /* BasketController.swift */,
			);
			path = BasketFlow;
			sourceTree = "<group>";
		};
		09D49CC328396A1800817A5E /* CabinetFlow */ = {
			isa = PBXGroup;
			children = (
				09D49CBE283969B100817A5E /* CabinetFlowController.swift */,
				09D49CC428396A4B00817A5E /* CabinetController.swift */,
			);
			path = CabinetFlow;
			sourceTree = "<group>";
		};
		09D49CCE28396C3300817A5E /* Extensions */ = {
			isa = PBXGroup;
			children = (
				09D49CCF28396C6F00817A5E /* UIViewControllerExtensions.swift */,
			);
			path = Extensions;
			sourceTree = "<group>";
		};
/* End PBXGroup section */

/* Begin PBXNativeTarget section */
		09D49C912839666900817A5E /* GuitarStore */ = {
			isa = PBXNativeTarget;
			buildConfigurationList = 09D49CA62839666B00817A5E /* Build configuration list for PBXNativeTarget "GuitarStore" */;
			buildPhases = (
				09D49C8E2839666900817A5E /* Sources */,
				09D49C8F2839666900817A5E /* Frameworks */,
				09D49C902839666900817A5E /* Resources */,
			);
			buildRules = (
			);
			dependencies = (
			);
			name = GuitarStore;
			productName = GuitarStore;
			productReference = 09D49C922839666900817A5E /* GuitarStore.app */;
			productType = "com.apple.product-type.application";
		};
/* End PBXNativeTarget section */

/* Begin PBXProject section */
		09D49C8A2839666900817A5E /* Project object */ = {
			isa = PBXProject;
			attributes = {
				LastSwiftUpdateCheck = 1200;
				LastUpgradeCheck = 1200;
				TargetAttributes = {
					09D49C912839666900817A5E = {
						CreatedOnToolsVersion = 12.0.1;
					};
				};
			};
			buildConfigurationList = 09D49C8D2839666900817A5E /* Build configuration list for PBXProject "GuitarStore" */;
			compatibilityVersion = "Xcode 9.3";
			developmentRegion = en;
			hasScannedForEncodings = 0;
			knownRegions = (
				en,
				Base,
			);
			mainGroup = 09D49C892839666900817A5E;
			productRefGroup = 09D49C932839666900817A5E /* Products */;
			projectDirPath = "";
			projectRoot = "";
			targets = (
				09D49C912839666900817A5E /* GuitarStore */,
			);
		};
/* End PBXProject section */

/* Begin PBXResourcesBuildPhase section */
		09D49C902839666900817A5E /* Resources */ = {
			isa = PBXResourcesBuildPhase;
			buildActionMask = 2147483647;
			files = (
				09D49CA22839666B00817A5E /* LaunchScreen.storyboard in Resources */,
				09D49C9F2839666B00817A5E /* Assets.xcassets in Resources */,
			);
			runOnlyForDeploymentPostprocessing = 0;
		};
/* End PBXResourcesBuildPhase section */

/* Begin PBXSourcesBuildPhase section */
		09D49C8E2839666900817A5E /* Sources */ = {
			isa = PBXSourcesBuildPhase;
			buildActionMask = 2147483647;
			files = (
				09D49CBF283969B100817A5E /* CabinetFlowController.swift in Sources */,
				09D49CB62839689F00817A5E /* MainFlowController.swift in Sources */,
				09D49CD028396C6F00817A5E /* UIViewControllerExtensions.swift in Sources */,
				09D49CCB28396A9400817A5E /* ProductsController.swift in Sources */,
				09D49C962839666900817A5E /* AppDelegate.swift in Sources */,
				09D49CAC283966B100817A5E /* AppFlowController.swift in Sources */,
				09D49CC528396A4B00817A5E /* CabinetController.swift in Sources */,
				09D49CBC2839697700817A5E /* BasketFlowController.swift in Sources */,
				09D49CB92839692100817A5E /* ProductsFlowController.swift in Sources */,
				09D49CC828396A7000817A5E /* BasketController.swift in Sources */,
			);
			runOnlyForDeploymentPostprocessing = 0;
		};
/* End PBXSourcesBuildPhase section */

/* Begin PBXVariantGroup section */
		09D49CA02839666B00817A5E /* LaunchScreen.storyboard */ = {
			isa = PBXVariantGroup;
			children = (
				09D49CA12839666B00817A5E /* Base */,
			);
			name = LaunchScreen.storyboard;
			sourceTree = "<group>";
		};
/* End PBXVariantGroup section */

/* Begin XCBuildConfiguration section */
		09D49CA42839666B00817A5E /* Debug */ = {
			isa = XCBuildConfiguration;
			buildSettings = {
				ALWAYS_SEARCH_USER_PATHS = NO;
				CLANG_ANALYZER_NONNULL = YES;
				CLANG_ANALYZER_NUMBER_OBJECT_CONVERSION = YES_AGGRESSIVE;
				CLANG_CXX_LANGUAGE_STANDARD = "gnu++14";
				CLANG_CXX_LIBRARY = "libc++";
				CLANG_ENABLE_MODULES = YES;
				CLANG_ENABLE_OBJC_ARC = YES;
				CLANG_ENABLE_OBJC_WEAK = YES;
				CLANG_WARN_BLOCK_CAPTURE_AUTORELEASING = YES;
				CLANG_WARN_BOOL_CONVERSION = YES;
				CLANG_WARN_COMMA = YES;
				CLANG_WARN_CONSTANT_CONVERSION = YES;
				CLANG_WARN_DEPRECATED_OBJC_IMPLEMENTATIONS = YES;
				CLANG_WARN_DIRECT_OBJC_ISA_USAGE = YES_ERROR;
				CLANG_WARN_DOCUMENTATION_COMMENTS = YES;
				CLANG_WARN_EMPTY_BODY = YES;
				CLANG_WARN_ENUM_CONVERSION = YES;
				CLANG_WARN_INFINITE_RECURSION = YES;
				CLANG_WARN_INT_CONVERSION = YES;
				CLANG_WARN_NON_LITERAL_NULL_CONVERSION = YES;
				CLANG_WARN_OBJC_IMPLICIT_RETAIN_SELF = YES;
				CLANG_WARN_OBJC_LITERAL_CONVERSION = YES;
				CLANG_WARN_OBJC_ROOT_CLASS = YES_ERROR;
				CLANG_WARN_QUOTED_INCLUDE_IN_FRAMEWORK_HEADER = YES;
				CLANG_WARN_RANGE_LOOP_ANALYSIS = YES;
				CLANG_WARN_STRICT_PROTOTYPES = YES;
				CLANG_WARN_SUSPICIOUS_MOVE = YES;
				CLANG_WARN_UNGUARDED_AVAILABILITY = YES_AGGRESSIVE;
				CLANG_WARN_UNREACHABLE_CODE = YES;
				CLANG_WARN__DUPLICATE_METHOD_MATCH = YES;
				COPY_PHASE_STRIP = NO;
				DEBUG_INFORMATION_FORMAT = dwarf;
				ENABLE_STRICT_OBJC_MSGSEND = YES;
				ENABLE_TESTABILITY = YES;
				GCC_C_LANGUAGE_STANDARD = gnu11;
				GCC_DYNAMIC_NO_PIC = NO;
				GCC_NO_COMMON_BLOCKS = YES;
				GCC_OPTIMIZATION_LEVEL = 0;
				GCC_PREPROCESSOR_DEFINITIONS = (
					"DEBUG=1",
					"$(inherited)",
				);
				GCC_WARN_64_TO_32_BIT_CONVERSION = YES;
				GCC_WARN_ABOUT_RETURN_TYPE = YES_ERROR;
				GCC_WARN_UNDECLARED_SELECTOR = YES;
				GCC_WARN_UNINITIALIZED_AUTOS = YES_AGGRESSIVE;
				GCC_WARN_UNUSED_FUNCTION = YES;
				GCC_WARN_UNUSED_VARIABLE = YES;
				IPHONEOS_DEPLOYMENT_TARGET = 14.0;
				MTL_ENABLE_DEBUG_INFO = INCLUDE_SOURCE;
				MTL_FAST_MATH = YES;
				ONLY_ACTIVE_ARCH = YES;
				SDKROOT = iphoneos;
				SWIFT_ACTIVE_COMPILATION_CONDITIONS = DEBUG;
				SWIFT_OPTIMIZATION_LEVEL = "-Onone";
			};
			name = Debug;
		};
		09D49CA52839666B00817A5E /* Release */ = {
			isa = XCBuildConfiguration;
			buildSettings = {
				ALWAYS_SEARCH_USER_PATHS = NO;
				CLANG_ANALYZER_NONNULL = YES;
				CLANG_ANALYZER_NUMBER_OBJECT_CONVERSION = YES_AGGRESSIVE;
				CLANG_CXX_LANGUAGE_STANDARD = "gnu++14";
				CLANG_CXX_LIBRARY = "libc++";
				CLANG_ENABLE_MODULES = YES;
				CLANG_ENABLE_OBJC_ARC = YES;
				CLANG_ENABLE_OBJC_WEAK = YES;
				CLANG_WARN_BLOCK_CAPTURE_AUTORELEASING = YES;
				CLANG_WARN_BOOL_CONVERSION = YES;
				CLANG_WARN_COMMA = YES;
				CLANG_WARN_CONSTANT_CONVERSION = YES;
				CLANG_WARN_DEPRECATED_OBJC_IMPLEMENTATIONS = YES;
				CLANG_WARN_DIRECT_OBJC_ISA_USAGE = YES_ERROR;
				CLANG_WARN_DOCUMENTATION_COMMENTS = YES;
				CLANG_WARN_EMPTY_BODY = YES;
				CLANG_WARN_ENUM_CONVERSION = YES;
				CLANG_WARN_INFINITE_RECURSION = YES;
				CLANG_WARN_INT_CONVERSION = YES;
				CLANG_WARN_NON_LITERAL_NULL_CONVERSION = YES;
				CLANG_WARN_OBJC_IMPLICIT_RETAIN_SELF = YES;
				CLANG_WARN_OBJC_LITERAL_CONVERSION = YES;
				CLANG_WARN_OBJC_ROOT_CLASS = YES_ERROR;
				CLANG_WARN_QUOTED_INCLUDE_IN_FRAMEWORK_HEADER = YES;
				CLANG_WARN_RANGE_LOOP_ANALYSIS = YES;
				CLANG_WARN_STRICT_PROTOTYPES = YES;
				CLANG_WARN_SUSPICIOUS_MOVE = YES;
				CLANG_WARN_UNGUARDED_AVAILABILITY = YES_AGGRESSIVE;
				CLANG_WARN_UNREACHABLE_CODE = YES;
				CLANG_WARN__DUPLICATE_METHOD_MATCH = YES;
				COPY_PHASE_STRIP = NO;
				DEBUG_INFORMATION_FORMAT = "dwarf-with-dsym";
				ENABLE_NS_ASSERTIONS = NO;
				ENABLE_STRICT_OBJC_MSGSEND = YES;
				GCC_C_LANGUAGE_STANDARD = gnu11;
				GCC_NO_COMMON_BLOCKS = YES;
				GCC_WARN_64_TO_32_BIT_CONVERSION = YES;
				GCC_WARN_ABOUT_RETURN_TYPE = YES_ERROR;
				GCC_WARN_UNDECLARED_SELECTOR = YES;
				GCC_WARN_UNINITIALIZED_AUTOS = YES_AGGRESSIVE;
				GCC_WARN_UNUSED_FUNCTION = YES;
				GCC_WARN_UNUSED_VARIABLE = YES;
				IPHONEOS_DEPLOYMENT_TARGET = 14.0;
				MTL_ENABLE_DEBUG_INFO = NO;
				MTL_FAST_MATH = YES;
				SDKROOT = iphoneos;
				SWIFT_COMPILATION_MODE = wholemodule;
				SWIFT_OPTIMIZATION_LEVEL = "-O";
				VALIDATE_PRODUCT = YES;
			};
			name = Release;
		};
		09D49CA72839666B00817A5E /* Debug */ = {
			isa = XCBuildConfiguration;
			buildSettings = {
				ASSETCATALOG_COMPILER_APPICON_NAME = AppIcon;
				ASSETCATALOG_COMPILER_GLOBAL_ACCENT_COLOR_NAME = AccentColor;
				CODE_SIGN_STYLE = Automatic;
				INFOPLIST_FILE = GuitarStore/Resources/Info.plist;
				LD_RUNPATH_SEARCH_PATHS = (
					"$(inherited)",
					"@executable_path/Frameworks",
				);
				PRODUCT_BUNDLE_IDENTIFIER = ilya.GuitarStore;
				PRODUCT_NAME = "$(TARGET_NAME)";
				SWIFT_VERSION = 5.0;
				TARGETED_DEVICE_FAMILY = "1,2";
			};
			name = Debug;
		};
		09D49CA82839666B00817A5E /* Release */ = {
			isa = XCBuildConfiguration;
			buildSettings = {
				ASSETCATALOG_COMPILER_APPICON_NAME = AppIcon;
				ASSETCATALOG_COMPILER_GLOBAL_ACCENT_COLOR_NAME = AccentColor;
				CODE_SIGN_STYLE = Automatic;
				INFOPLIST_FILE = GuitarStore/Resources/Info.plist;
				LD_RUNPATH_SEARCH_PATHS = (
					"$(inherited)",
					"@executable_path/Frameworks",
				);
				PRODUCT_BUNDLE_IDENTIFIER = ilya.GuitarStore;
				PRODUCT_NAME = "$(TARGET_NAME)";
				SWIFT_VERSION = 5.0;
				TARGETED_DEVICE_FAMILY = "1,2";
			};
			name = Release;
		};
/* End XCBuildConfiguration section */

/* Begin XCConfigurationList section */
		09D49C8D2839666900817A5E /* Build configuration list for PBXProject "GuitarStore" */ = {
			isa = XCConfigurationList;
			buildConfigurations = (
				09D49CA42839666B00817A5E /* Debug */,
				09D49CA52839666B00817A5E /* Release */,
			);
			defaultConfigurationIsVisible = 0;
			defaultConfigurationName = Release;
		};
		09D49CA62839666B00817A5E /* Build configuration list for PBXNativeTarget "GuitarStore" */ = {
			isa = XCConfigurationList;
			buildConfigurations = (
				09D49CA72839666B00817A5E /* Debug */,
				09D49CA82839666B00817A5E /* Release */,
			);
			defaultConfigurationIsVisible = 0;
			defaultConfigurationName = Release;
		};
/* End XCConfigurationList section */
	};
	rootObject = 09D49C8A2839666900817A5E /* Project object */;
}
